<Solution>
  <Folder Name="/Docs/">
    <File Path="Docs/01-roadmap/product-journey.md" />
    <File Path="Docs/01-roadmap/product-positioning.md" />
    <File Path="Docs/02-architecture/system-overview.md" />
    <File Path="Docs/02-architecture/runtime-lifecycle.md" />
    <File Path="Docs/02-architecture/codebase-modules.md" />
    <File Path="Docs/03-modules/memory-retrieval.md" />
    <File Path="Docs/03-modules/observability-replay.md" />
    <File Path="Docs/03-modules/tools-mcp.md" />
    <File Path="Docs/03-modules/week7-acceptance-runbook.md" />
    <File Path="Docs/sql/20260326_week7_pgvector.sql" />
    <File Path="README.md" />
  </Folder>
  <Folder Name="/Docs/adr/">
    <File Path="Docs/adr/0001-ssot-runcontext.md" />
    <File Path="Docs/adr/0002-tool-skill-protocol.md" />
    <File Path="Docs/adr/0003-tracing-schema.md" />
    <File Path="Docs/adr/0004-reflection-retry-policy.md" />
    <File Path="Docs/adr/0005-intent-router-retrieval-plan.md" />
  </Folder>
  <Folder Name="/Docs/archive/">
    <File Path="Docs/archive/weeks/roadmap-week7-week12.md" />
    <File Path="Docs/archive/legacy-specs/architecture-v1.md" />
    <File Path="Docs/archive/legacy-specs/observability-v1.md" />
    <File Path="Docs/archive/legacy-specs/reflection.md" />
    <File Path="Docs/archive/legacy-specs/runtime-v1.md" />
    <File Path="Docs/archive/legacy-specs/skills.md" />
    <File Path="Docs/archive/legacy-specs/solution-structure-v1.md" />
  </Folder>
  <Folder Name="/Docs/diagrams/">
    <File Path="Docs/diagrams/execution-event-state.mmd" />
    <File Path="Docs/diagrams/runtime-lifecycle.mmd" />
    <File Path="Docs/diagrams/system-overview.mmd" />
  </Folder>
  <Folder Name="/Docs/assets/diagrams/">
    <File Path="Docs/assets/diagrams/execution-event-state.svg" />
    <File Path="Docs/assets/diagrams/runtime-lifecycle.svg" />
    <File Path="Docs/assets/diagrams/system-overview.svg" />
  </Folder>
  <Folder Name="/Src/">
    <Project Path="Src/SKAgent.Agents/SKAgent.Agents.csproj" Id="23aa8e5c-c096-4208-9d1d-8631ed77c179" />
    <Project Path="Src/SKAgent.Application/SKAgent.Application.csproj" />
    <Project Path="Src/SKAgent.Core/SKAgent.Core.csproj" Id="963841fb-c881-4f67-b1cd-0b59b569936d" />
    <Project Path="Src/SKAgent.Host/SKAgent.Host.csproj" Id="9fc82ff9-7331-4465-8cbe-3f9200bf405b" />
    <Project Path="Src/SKAgent.Infrastructure/SKAgent.Infrastructure.csproj" Id="e4bfcf70-1565-408d-843a-85325c0eb2fa" />
    <Project Path="Src/SkAgent.Runtime/SkAgent.Runtime.csproj" Id="52f9ec99-08e3-45b9-9823-e6d46762422c" />
    <Project Path="Src/SKAgent.SemanticKernel/SKAgent.SemanticKernel.csproj" />
  </Folder>
  <Folder Name="/Tests/">
    <Project Path="Tests/SKAgent.Tests/SKAgent.Tests.csproj" />
  </Folder>
</Solution>
