<Solution>
  <Folder Name="/Doc/">
    <File Path="README.md" />
  </Folder>
  <Folder Name="/Src/">
    <Project Path="Src/SKAgent.Agents/SKAgent.Agents.csproj" Id="23aa8e5c-c096-4208-9d1d-8631ed77c179" />
    <Project Path="Src/SKAgent.Core/SKAgent.Core.csproj" Id="963841fb-c881-4f67-b1cd-0b59b569936d" />
    <Project Path="Src/SKAgent.Host/SKAgent.Host.csproj" Id="9fc82ff9-7331-4465-8cbe-3f9200bf405b" />
    <Project Path="Src/SKAgent.Infrastructure/SKAgent.Infrastructure.csproj" Id="e4bfcf70-1565-408d-843a-85325c0eb2fa" />
    <Project Path="Src/SKAgent.SemanticKernel/SKAgent.SemanticKernel.csproj" />
  </Folder>
</Solution>
